// !$*UTF8*$!
{
	archiveVersion = 1;
	classes = {
	};
	objectVersion = 46;
	objects = {

/* Begin PBXBuildFile section */
		9CEB044E1E5B621C0093B540 /* AppDelegate.swift in Sources */ = {isa = PBXBuildFile; fileRef = 9CEB044D1E5B621C0093B540 /* AppDelegate.swift */; };
		9CEB04511E5B621C0093B540 /* CoreDataHelloWorld.xcdatamodeld in Sources */ = {isa = PBXBuildFile; fileRef = 9CEB044F1E5B621C0093B540 /* CoreDataHelloWorld.xcdatamodeld */; };
		9CEB04531E5B621C0093B540 /* MasterViewController.swift in Sources */ = {isa = PBXBuildFile; fileRef = 9CEB04521E5B621C0093B540 /* MasterViewController.swift */; };
		9CEB04551E5B621C0093B540 /* DetailViewController.swift in Sources */ = {isa = PBXBuildFile; fileRef = 9CEB04541E5B621C0093B540 /* DetailViewController.swift */; };
		9CEB04581E5B621D0093B540 /* Main.storyboard in Resources */ = {isa = PBXBuildFile; fileRef = 9CEB04561E5B621D0093B540 /* Main.storyboard */; };
		9CEB045A1E5B621D0093B540 /* Assets.xcassets in Resources */ = {isa = PBXBuildFile; fileRef = 9CEB04591E5B621D0093B540 /* Assets.xcassets */; };
		9CEB045D1E5B621D0093B540 /* LaunchScreen.storyboard in Resources */ = {isa = PBXBuildFile; fileRef = 9CEB045B1E5B621D0093B540 /* LaunchScreen.storyboard */; };
		9CEB04691E5B67840093B540 /* CoreDataManager.swift in Sources */ = {isa = PBXBuildFile; fileRef = 9CEB04681E5B67840093B540 /* CoreDataManager.swift */; };
/* End PBXBuildFile section */

/* Begin PBXFileReference section */
		9CEB044A1E5B621C0093B540 /* CoreDataHelloWorld.app */ = {isa = PBXFileReference; explicitFileType = wrapper.application; includeInIndex = 0; path = CoreDataHelloWorld.app; sourceTree = BUILT_PRODUCTS_DIR; };
		9CEB044D1E5B621C0093B540 /* AppDelegate.swift */ = {isa = PBXFileReference; lastKnownFileType = sourcecode.swift; path = AppDelegate.swift; sourceTree = "<group>"; };
		9CEB04501E5B621C0093B540 /* CoreDataHelloWorld.xcdatamodel */ = {isa = PBXFileReference; lastKnownFileType = wrapper.xcdatamodel; path = CoreDataHelloWorld.xcdatamodel; sourceTree = "<group>"; };
		9CEB04521E5B621C0093B540 /* MasterViewController.swift */ = {isa = PBXFileReference; lastKnownFileType = sourcecode.swift; path = MasterViewController.swift; sourceTree = "<group>"; };
		9CEB04541E5B621C0093B540 /* DetailViewController.swift */ = {isa = PBXFileReference; lastKnownFileType = sourcecode.swift; path = DetailViewController.swift; sourceTree = "<group>"; };
		9CEB04571E5B621D0093B540 /* Base */ = {isa = PBXFileReference; lastKnownFileType = file.storyboard; name = Base; path = Base.lproj/Main.storyboard; sourceTree = "<group>"; };
		9CEB04591E5B621D0093B540 /* Assets.xcassets */ = {isa = PBXFileReference; lastKnownFileType = folder.assetcatalog; path = Assets.xcassets; sourceTree = "<group>"; };
		9CEB045C1E5B621D0093B540 /* Base */ = {isa = PBXFileReference; lastKnownFileType = file.storyboard; name = Base; path = Base.lproj/LaunchScreen.storyboard; sourceTree = "<group>"; };
		9CEB045E1E5B621D0093B540 /* Info.plist */ = {isa = PBXFileReference; lastKnownFileType = text.plist.xml; path = Info.plist; sourceTree = "<group>"; };
		9CEB04681E5B67840093B540 /* CoreDataManager.swift */ = {isa = PBXFileReference; fileEncoding = 4; lastKnownFileType = sourcecode.swift; path = CoreDataManager.swift; sourceTree = "<group>"; };
/* End PBXFileReference section */

/* Begin PBXFrameworksBuildPhase section */
		9CEB04471E5B621C0093B540 /* Frameworks */ = {
			isa = PBXFrameworksBuildPhase;
			buildActionMask = 2147483647;
			files = (
			);
			runOnlyForDeploymentPostprocessing = 0;
		};
/* End PBXFrameworksBuildPhase section */

/* Begin PBXGroup section */
		9CEB04411E5B621C0093B540 = {
			isa = PBXGroup;
			children = (
				9CEB044C1E5B621C0093B540 /* CoreDataHelloWorld */,
				9CEB044B1E5B621C0093B540 /* Products */,
			);
			sourceTree = "<group>";
		};
		9CEB044B1E5B621C0093B540 /* Products */ = {
			isa = PBXGroup;
			children = (
				9CEB044A1E5B621C0093B540 /* CoreDataHelloWorld.app */,
			);
			name = Products;
			sourceTree = "<group>";
		};
		9CEB044C1E5B621C0093B540 /* CoreDataHelloWorld */ = {
			isa = PBXGroup;
			children = (
				9CEB044D1E5B621C0093B540 /* AppDelegate.swift */,
				9CEB04671E5B67110093B540 /* Model */,
				9CEB04661E5B670B0093B540 /* View */,
				9CEB04651E5B67020093B540 /* Controller */,
				9CEB04641E5B66FC0093B540 /* Managers */,
				9CEB04591E5B621D0093B540 /* Assets.xcassets */,
				9CEB045E1E5B621D0093B540 /* Info.plist */,
			);
			path = CoreDataHelloWorld;
			sourceTree = "<group>";
		};
		9CEB04641E5B66FC0093B540 /* Managers */ = {
			isa = PBXGroup;
			children = (
				9CEB04681E5B67840093B540 /* CoreDataManager.swift */,
			);
			name = Managers;
			sourceTree = "<group>";
		};
		9CEB04651E5B67020093B540 /* Controller */ = {
			isa = PBXGroup;
			children = (
				9CEB04521E5B621C0093B540 /* MasterViewController.swift */,
				9CEB04541E5B621C0093B540 /* DetailViewController.swift */,
			);
			name = Controller;
			sourceTree = "<group>";
		};
		9CEB04661E5B670B0093B540 /* View */ = {
			isa = PBXGroup;
			children = (
				9CEB04561E5B621D0093B540 /* Main.storyboard */,
				9CEB045B1E5B621D0093B540 /* LaunchScreen.storyboard */,
			);
			name = View;
			sourceTree = "<group>";
		};
		9CEB04671E5B67110093B540 /* Model */ = {
			isa = PBXGroup;
			children = (
				9CEB044F1E5B621C0093B540 /* CoreDataHelloWorld.xcdatamodeld */,
			);
			name = Model;
			sourceTree = "<group>";
		};
/* End PBXGroup section */

/* Begin PBXNativeTarget section */
		9CEB04491E5B621C0093B540 /* CoreDataHelloWorld */ = {
			isa = PBXNativeTarget;
			buildConfigurationList = 9CEB04611E5B621D0093B540 /* Build configuration list for PBXNativeTarget "CoreDataHelloWorld" */;
			buildPhases = (
				9CEB04461E5B621C0093B540 /* Sources */,
				9CEB04471E5B621C0093B540 /* Frameworks */,
				9CEB04481E5B621C0093B540 /* Resources */,
			);
			buildRules = (
			);
			dependencies = (
			);
			name = CoreDataHelloWorld;
			productName = CoreDataHelloWorld;
			productReference = 9CEB044A1E5B621C0093B540 /* CoreDataHelloWorld.app */;
			productType = "com.apple.product-type.application";
		};
/* End PBXNativeTarget section */

/* Begin PBXProject section */
		9CEB04421E5B621C0093B540 /* Project object */ = {
			isa = PBXProject;
			attributes = {
				LastSwiftUpdateCheck = 0820;
				LastUpgradeCheck = 0820;
				ORGANIZATIONNAME = "Eugenio Barquín";
				TargetAttributes = {
					9CEB04491E5B621C0093B540 = {
						CreatedOnToolsVersion = 8.2.1;
						DevelopmentTeam = 3XPZ2XV3WU;
						ProvisioningStyle = Automatic;
					};
				};
			};
			buildConfigurationList = 9CEB04451E5B621C0093B540 /* Build configuration list for PBXProject "CoreDataHelloWorld" */;
			compatibilityVersion = "Xcode 3.2";
			developmentRegion = English;
			hasScannedForEncodings = 0;
			knownRegions = (
				en,
				Base,
			);
			mainGroup = 9CEB04411E5B621C0093B540;
			productRefGroup = 9CEB044B1E5B621C0093B540 /* Products */;
			projectDirPath = "";
			projectRoot = "";
			targets = (
				9CEB04491E5B621C0093B540 /* CoreDataHelloWorld */,
			);
		};
/* End PBXProject section */

/* Begin PBXResourcesBuildPhase section */
		9CEB04481E5B621C0093B540 /* Resources */ = {
			isa = PBXResourcesBuildPhase;
			buildActionMask = 2147483647;
			files = (
				9CEB045D1E5B621D0093B540 /* LaunchScreen.storyboard in Resources */,
				9CEB045A1E5B621D0093B540 /* Assets.xcassets in Resources */,
				9CEB04581E5B621D0093B540 /* Main.storyboard in Resources */,
			);
			runOnlyForDeploymentPostprocessing = 0;
		};
/* End PBXResourcesBuildPhase section */

/* Begin PBXSourcesBuildPhase section */
		9CEB04461E5B621C0093B540 /* Sources */ = {
			isa = PBXSourcesBuildPhase;
			buildActionMask = 2147483647;
			files = (
				9CEB04511E5B621C0093B540 /* CoreDataHelloWorld.xcdatamodeld in Sources */,
				9CEB044E1E5B621C0093B540 /* AppDelegate.swift in Sources */,
				9CEB04531E5B621C0093B540 /* MasterViewController.swift in Sources */,
				9CEB04691E5B67840093B540 /* CoreDataManager.swift in Sources */,
				9CEB04551E5B621C0093B540 /* DetailViewController.swift in Sources */,
			);
			runOnlyForDeploymentPostprocessing = 0;
		};
/* End PBXSourcesBuildPhase section */

/* Begin PBXVariantGroup section */
		9CEB04561E5B621D0093B540 /* Main.storyboard */ = {
			isa = PBXVariantGroup;
			children = (
				9CEB04571E5B621D0093B540 /* Base */,
			);
			name = Main.storyboard;
			sourceTree = "<group>";
		};
		9CEB045B1E5B621D0093B540 /* LaunchScreen.storyboard */ = {
			isa = PBXVariantGroup;
			children = (
				9CEB045C1E5B621D0093B540 /* Base */,
			);
			name = LaunchScreen.storyboard;
			sourceTree = "<group>";
		};
/* End PBXVariantGroup section */

/* Begin XCBuildConfiguration section */
		9CEB045F1E5B621D0093B540 /* Debug */ = {
			isa = XCBuildConfiguration;
			buildSettings = {
				ALWAYS_SEARCH_USER_PATHS = NO;
				CLANG_ANALYZER_NONNULL = YES;
				CLANG_CXX_LANGUAGE_STANDARD = "gnu++0x";
				CLANG_CXX_LIBRARY = "libc++";
				CLANG_ENABLE_MODULES = YES;
				CLANG_ENABLE_OBJC_ARC = YES;
				CLANG_WARN_BOOL_CONVERSION = YES;
				CLANG_WARN_CONSTANT_CONVERSION = YES;
				CLANG_WARN_DIRECT_OBJC_ISA_USAGE = YES_ERROR;
				CLANG_WARN_DOCUMENTATION_COMMENTS = YES;
				CLANG_WARN_EMPTY_BODY = YES;
				CLANG_WARN_ENUM_CONVERSION = YES;
				CLANG_WARN_INFINITE_RECURSION = YES;
				CLANG_WARN_INT_CONVERSION = YES;
				CLANG_WARN_OBJC_ROOT_CLASS = YES_ERROR;
				CLANG_WARN_SUSPICIOUS_MOVE = YES;
				CLANG_WARN_UNREACHABLE_CODE = YES;
				CLANG_WARN__DUPLICATE_METHOD_MATCH = YES;
				"CODE_SIGN_IDENTITY[sdk=iphoneos*]" = "iPhone Developer";
				COPY_PHASE_STRIP = NO;
				DEBUG_INFORMATION_FORMAT = dwarf;
				ENABLE_STRICT_OBJC_MSGSEND = YES;
				ENABLE_TESTABILITY = YES;
				GCC_C_LANGUAGE_STANDARD = gnu99;
				GCC_DYNAMIC_NO_PIC = NO;
				GCC_NO_COMMON_BLOCKS = YES;
				GCC_OPTIMIZATION_LEVEL = 0;
				GCC_PREPROCESSOR_DEFINITIONS = (
					"DEBUG=1",
					"$(inherited)",
				);
				GCC_WARN_64_TO_32_BIT_CONVERSION = YES;
				GCC_WARN_ABOUT_RETURN_TYPE = YES_ERROR;
				GCC_WARN_UNDECLARED_SELECTOR = YES;
				GCC_WARN_UNINITIALIZED_AUTOS = YES_AGGRESSIVE;
				GCC_WARN_UNUSED_FUNCTION = YES;
				GCC_WARN_UNUSED_VARIABLE = YES;
				IPHONEOS_DEPLOYMENT_TARGET = 10.2;
				MTL_ENABLE_DEBUG_INFO = YES;
				ONLY_ACTIVE_ARCH = YES;
				SDKROOT = iphoneos;
				SWIFT_ACTIVE_COMPILATION_CONDITIONS = DEBUG;
				SWIFT_OPTIMIZATION_LEVEL = "-Onone";
			};
			name = Debug;
		};
		9CEB04601E5B621D0093B540 /* Release */ = {
			isa = XCBuildConfiguration;
			buildSettings = {
				ALWAYS_SEARCH_USER_PATHS = NO;
				CLANG_ANALYZER_NONNULL = YES;
				CLANG_CXX_LANGUAGE_STANDARD = "gnu++0x";
				CLANG_CXX_LIBRARY = "libc++";
				CLANG_ENABLE_MODULES = YES;
				CLANG_ENABLE_OBJC_ARC = YES;
				CLANG_WARN_BOOL_CONVERSION = YES;
				CLANG_WARN_CONSTANT_CONVERSION = YES;
				CLANG_WARN_DIRECT_OBJC_ISA_USAGE = YES_ERROR;
				CLANG_WARN_DOCUMENTATION_COMMENTS = YES;
				CLANG_WARN_EMPTY_BODY = YES;
				CLANG_WARN_ENUM_CONVERSION = YES;
				CLANG_WARN_INFINITE_RECURSION = YES;
				CLANG_WARN_INT_CONVERSION = YES;
				CLANG_WARN_OBJC_ROOT_CLASS = YES_ERROR;
				CLANG_WARN_SUSPICIOUS_MOVE = YES;
				CLANG_WARN_UNREACHABLE_CODE = YES;
				CLANG_WARN__DUPLICATE_METHOD_MATCH = YES;
				"CODE_SIGN_IDENTITY[sdk=iphoneos*]" = "iPhone Developer";
				COPY_PHASE_STRIP = NO;
				DEBUG_INFORMATION_FORMAT = "dwarf-with-dsym";
				ENABLE_NS_ASSERTIONS = NO;
				ENABLE_STRICT_OBJC_MSGSEND = YES;
				GCC_C_LANGUAGE_STANDARD = gnu99;
				GCC_NO_COMMON_BLOCKS = YES;
				GCC_WARN_64_TO_32_BIT_CONVERSION = YES;
				GCC_WARN_ABOUT_RETURN_TYPE = YES_ERROR;
				GCC_WARN_UNDECLARED_SELECTOR = YES;
				GCC_WARN_UNINITIALIZED_AUTOS = YES_AGGRESSIVE;
				GCC_WARN_UNUSED_FUNCTION = YES;
				GCC_WARN_UNUSED_VARIABLE = YES;
				IPHONEOS_DEPLOYMENT_TARGET = 10.2;
				MTL_ENABLE_DEBUG_INFO = NO;
				SDKROOT = iphoneos;
				SWIFT_OPTIMIZATION_LEVEL = "-Owholemodule";
				VALIDATE_PRODUCT = YES;
			};
			name = Release;
		};
		9CEB04621E5B621D0093B540 /* Debug */ = {
			isa = XCBuildConfiguration;
			buildSettings = {
				ASSETCATALOG_COMPILER_APPICON_NAME = AppIcon;
				DEVELOPMENT_TEAM = 3XPZ2XV3WU;
				INFOPLIST_FILE = CoreDataHelloWorld/Info.plist;
				LD_RUNPATH_SEARCH_PATHS = "$(inherited) @executable_path/Frameworks";
				PRODUCT_BUNDLE_IDENTIFIER = com.eugeniobarquin.CoreDataHelloWorld;
				PRODUCT_NAME = "$(TARGET_NAME)";
				SWIFT_VERSION = 3.0;
			};
			name = Debug;
		};
		9CEB04631E5B621D0093B540 /* Release */ = {
			isa = XCBuildConfiguration;
			buildSettings = {
				ASSETCATALOG_COMPILER_APPICON_NAME = AppIcon;
				DEVELOPMENT_TEAM = 3XPZ2XV3WU;
				INFOPLIST_FILE = CoreDataHelloWorld/Info.plist;
				LD_RUNPATH_SEARCH_PATHS = "$(inherited) @executable_path/Frameworks";
				PRODUCT_BUNDLE_IDENTIFIER = com.eugeniobarquin.CoreDataHelloWorld;
				PRODUCT_NAME = "$(TARGET_NAME)";
				SWIFT_VERSION = 3.0;
			};
			name = Release;
		};
/* End XCBuildConfiguration section */

/* Begin XCConfigurationList section */
		9CEB04451E5B621C0093B540 /* Build configuration list for PBXProject "CoreDataHelloWorld" */ = {
			isa = XCConfigurationList;
			buildConfigurations = (
				9CEB045F1E5B621D0093B540 /* Debug */,
				9CEB04601E5B621D0093B540 /* Release */,
			);
			defaultConfigurationIsVisible = 0;
			defaultConfigurationName = Release;
		};
		9CEB04611E5B621D0093B540 /* Build configuration list for PBXNativeTarget "CoreDataHelloWorld" */ = {
			isa = XCConfigurationList;
			buildConfigurations = (
				9CEB04621E5B621D0093B540 /* Debug */,
				9CEB04631E5B621D0093B540 /* Release */,
			);
			defaultConfigurationIsVisible = 0;
		};
/* End XCConfigurationList section */

/* Begin XCVersionGroup section */
		9CEB044F1E5B621C0093B540 /* CoreDataHelloWorld.xcdatamodeld */ = {
			isa = XCVersionGroup;
			children = (
				9CEB04501E5B621C0093B540 /* CoreDataHelloWorld.xcdatamodel */,
			);
			currentVersion = 9CEB04501E5B621C0093B540 /* CoreDataHelloWorld.xcdatamodel */;
			path = CoreDataHelloWorld.xcdatamodeld;
			sourceTree = "<group>";
			versionGroupType = wrapper.xcdatamodel;
		};
/* End XCVersionGroup section */
	};
	rootObject = 9CEB04421E5B621C0093B540 /* Project object */;
}
